
Microsoft Visual Studio Solution File, Format Version 12.00
# Visual Studio Version 16
VisualStudioVersion = 16.0.31402.337
MinimumVisualStudioVersion = 10.0.40219.1
Project("{9A19103F-16F7-4668-BE54-9A1E7A4F7556}") = "WebNursePlanning", "WebNursePlanning\WebNursePlanning.csproj", "{800D1133-9007-49C7-99B4-FCB968D288DD}"
EndProject
Project("{9A19103F-16F7-4668-BE54-9A1E7A4F7556}") = "Dal", "Dal\Dal.csproj", "{5F646521-7514-4C9E-99F7-5513D5FDC3BE}"
EndProject
Project("{9A19103F-16F7-4668-BE54-9A1E7A4F7556}") = "DomainModel", "DomainModel\DomainModel.csproj", "{63F3B95F-063F-48C4-AA09-51731BAD1274}"
EndProject
Project("{9A19103F-16F7-4668-BE54-9A1E7A4F7556}") = "WpfNursePlanning", "WpfNursePlanning\WpfNursePlanning.csproj", "{0D26383B-1475-4340-A817-FBB56C986382}"
EndProject
Project("{9A19103F-16F7-4668-BE54-9A1E7A4F7556}") = "WebApiNursePlanning", "WebApiNursePlanning\WebApiNursePlanning.csproj", "{6DA4C4D3-CCF1-4A66-9CC5-7E94D889E39E}"
EndProject
Project("{FAE04EC0-301F-11D3-BF4B-00C04F79EFBC}") = "Repository", "Repository\Repository.csproj", "{F4C9B5AB-A344-41D6-B8F8-EA36A4684BE4}"
EndProject
Global
	GlobalSection(SolutionConfigurationPlatforms) = preSolution
		Debug|Any CPU = Debug|Any CPU
		Release|Any CPU = Release|Any CPU
	EndGlobalSection
	GlobalSection(ProjectConfigurationPlatforms) = postSolution
		{800D1133-9007-49C7-99B4-FCB968D288DD}.Debug|Any CPU.ActiveCfg = Debug|Any CPU
		{800D1133-9007-49C7-99B4-FCB968D288DD}.Debug|Any CPU.Build.0 = Debug|Any CPU
		{800D1133-9007-49C7-99B4-FCB968D288DD}.Release|Any CPU.ActiveCfg = Release|Any CPU
		{800D1133-9007-49C7-99B4-FCB968D288DD}.Release|Any CPU.Build.0 = Release|Any CPU
		{5F646521-7514-4C9E-99F7-5513D5FDC3BE}.Debug|Any CPU.ActiveCfg = Debug|Any CPU
		{5F646521-7514-4C9E-99F7-5513D5FDC3BE}.Debug|Any CPU.Build.0 = Debug|Any CPU
		{5F646521-7514-4C9E-99F7-5513D5FDC3BE}.Release|Any CPU.ActiveCfg = Release|Any CPU
		{5F646521-7514-4C9E-99F7-5513D5FDC3BE}.Release|Any CPU.Build.0 = Release|Any CPU
		{63F3B95F-063F-48C4-AA09-51731BAD1274}.Debug|Any CPU.ActiveCfg = Debug|Any CPU
		{63F3B95F-063F-48C4-AA09-51731BAD1274}.Debug|Any CPU.Build.0 = Debug|Any CPU
		{63F3B95F-063F-48C4-AA09-51731BAD1274}.Release|Any CPU.ActiveCfg = Release|Any CPU
		{63F3B95F-063F-48C4-AA09-51731BAD1274}.Release|Any CPU.Build.0 = Release|Any CPU
		{0D26383B-1475-4340-A817-FBB56C986382}.Debug|Any CPU.ActiveCfg = Debug|Any CPU
		{0D26383B-1475-4340-A817-FBB56C986382}.Debug|Any CPU.Build.0 = Debug|Any CPU
		{0D26383B-1475-4340-A817-FBB56C986382}.Release|Any CPU.ActiveCfg = Release|Any CPU
		{0D26383B-1475-4340-A817-FBB56C986382}.Release|Any CPU.Build.0 = Release|Any CPU
		{6DA4C4D3-CCF1-4A66-9CC5-7E94D889E39E}.Debug|Any CPU.ActiveCfg = Debug|Any CPU
		{6DA4C4D3-CCF1-4A66-9CC5-7E94D889E39E}.Debug|Any CPU.Build.0 = Debug|Any CPU
		{6DA4C4D3-CCF1-4A66-9CC5-7E94D889E39E}.Release|Any CPU.ActiveCfg = Release|Any CPU
		{6DA4C4D3-CCF1-4A66-9CC5-7E94D889E39E}.Release|Any CPU.Build.0 = Release|Any CPU
		{F4C9B5AB-A344-41D6-B8F8-EA36A4684BE4}.Debug|Any CPU.ActiveCfg = Debug|Any CPU
		{F4C9B5AB-A344-41D6-B8F8-EA36A4684BE4}.Debug|Any CPU.Build.0 = Debug|Any CPU
		{F4C9B5AB-A344-41D6-B8F8-EA36A4684BE4}.Release|Any CPU.ActiveCfg = Release|Any CPU
		{F4C9B5AB-A344-41D6-B8F8-EA36A4684BE4}.Release|Any CPU.Build.0 = Release|Any CPU
	EndGlobalSection
	GlobalSection(SolutionProperties) = preSolution
		HideSolutionNode = FALSE
	EndGlobalSection
	GlobalSection(ExtensibilityGlobals) = postSolution
		SolutionGuid = {FD6C32F9-2AAB-4D6C-B5B6-6437D3A297D3}
	EndGlobalSection
EndGlobal
